// !$*UTF8*$!
{
	archiveVersion = 1;
	classes = {
	};
	objectVersion = 56;
	objects = {

/* Begin PBXBuildFile section */
		182EF0E82C85EC1C003C7825 /* ComponentsAppApp.swift in Sources */ = {isa = PBXBuildFile; fileRef = 182EF0E72C85EC1C003C7825 /* ComponentsAppApp.swift */; };
		182EF0EA2C85EC1C003C7825 /* ContentView.swift in Sources */ = {isa = PBXBuildFile; fileRef = 182EF0E92C85EC1C003C7825 /* ContentView.swift */; };
		182EF0EC2C85EC1E003C7825 /* Assets.xcassets in Resources */ = {isa = PBXBuildFile; fileRef = 182EF0EB2C85EC1E003C7825 /* Assets.xcassets */; };
		182EF0EF2C85EC1E003C7825 /* Preview Assets.xcassets in Resources */ = {isa = PBXBuildFile; fileRef = 182EF0EE2C85EC1E003C7825 /* Preview Assets.xcassets */; };
		182EF0F92C85EC1E003C7825 /* ComponentsAppTests.swift in Sources */ = {isa = PBXBuildFile; fileRef = 182EF0F82C85EC1E003C7825 /* ComponentsAppTests.swift */; };
		182EF1032C85EC1E003C7825 /* ComponentsAppUITests.swift in Sources */ = {isa = PBXBuildFile; fileRef = 182EF1022C85EC1E003C7825 /* ComponentsAppUITests.swift */; };
		182EF1052C85EC1E003C7825 /* ComponentsAppUITestsLaunchTests.swift in Sources */ = {isa = PBXBuildFile; fileRef = 182EF1042C85EC1E003C7825 /* ComponentsAppUITestsLaunchTests.swift */; };
/* End PBXBuildFile section */

/* Begin PBXContainerItemProxy section */
		182EF0F52C85EC1E003C7825 /* PBXContainerItemProxy */ = {
			isa = PBXContainerItemProxy;
			containerPortal = 182EF0DC2C85EC1C003C7825 /* Project object */;
			proxyType = 1;
			remoteGlobalIDString = 182EF0E32C85EC1C003C7825;
			remoteInfo = ComponentsApp;
		};
		182EF0FF2C85EC1E003C7825 /* PBXContainerItemProxy */ = {
			isa = PBXContainerItemProxy;
			containerPortal = 182EF0DC2C85EC1C003C7825 /* Project object */;
			proxyType = 1;
			remoteGlobalIDString = 182EF0E32C85EC1C003C7825;
			remoteInfo = ComponentsApp;
		};
/* End PBXContainerItemProxy section */

/* Begin PBXFileReference section */
		182EF0E42C85EC1C003C7825 /* ComponentsApp.app */ = {isa = PBXFileReference; explicitFileType = wrapper.application; includeInIndex = 0; path = ComponentsApp.app; sourceTree = BUILT_PRODUCTS_DIR; };
		182EF0E72C85EC1C003C7825 /* ComponentsAppApp.swift */ = {isa = PBXFileReference; lastKnownFileType = sourcecode.swift; path = ComponentsAppApp.swift; sourceTree = "<group>"; };
		182EF0E92C85EC1C003C7825 /* ContentView.swift */ = {isa = PBXFileReference; lastKnownFileType = sourcecode.swift; path = ContentView.swift; sourceTree = "<group>"; };
		182EF0EB2C85EC1E003C7825 /* Assets.xcassets */ = {isa = PBXFileReference; lastKnownFileType = folder.assetcatalog; path = Assets.xcassets; sourceTree = "<group>"; };
		182EF0EE2C85EC1E003C7825 /* Preview Assets.xcassets */ = {isa = PBXFileReference; lastKnownFileType = folder.assetcatalog; path = "Preview Assets.xcassets"; sourceTree = "<group>"; };
		182EF0F42C85EC1E003C7825 /* ComponentsAppTests.xctest */ = {isa = PBXFileReference; explicitFileType = wrapper.cfbundle; includeInIndex = 0; path = ComponentsAppTests.xctest; sourceTree = BUILT_PRODUCTS_DIR; };
		182EF0F82C85EC1E003C7825 /* ComponentsAppTests.swift */ = {isa = PBXFileReference; lastKnownFileType = sourcecode.swift; path = ComponentsAppTests.swift; sourceTree = "<group>"; };
		182EF0FE2C85EC1E003C7825 /* ComponentsAppUITests.xctest */ = {isa = PBXFileReference; explicitFileType = wrapper.cfbundle; includeInIndex = 0; path = ComponentsAppUITests.xctest; sourceTree = BUILT_PRODUCTS_DIR; };
		182EF1022C85EC1E003C7825 /* ComponentsAppUITests.swift */ = {isa = PBXFileReference; lastKnownFileType = sourcecode.swift; path = ComponentsAppUITests.swift; sourceTree = "<group>"; };
		182EF1042C85EC1E003C7825 /* ComponentsAppUITestsLaunchTests.swift */ = {isa = PBXFileReference; lastKnownFileType = sourcecode.swift; path = ComponentsAppUITestsLaunchTests.swift; sourceTree = "<group>"; };
/* End PBXFileReference section */

/* Begin PBXFrameworksBuildPhase section */
		182EF0E12C85EC1C003C7825 /* Frameworks */ = {
			isa = PBXFrameworksBuildPhase;
			buildActionMask = 2147483647;
			files = (
			);
			runOnlyForDeploymentPostprocessing = 0;
		};
		182EF0F12C85EC1E003C7825 /* Frameworks */ = {
			isa = PBXFrameworksBuildPhase;
			buildActionMask = 2147483647;
			files = (
			);
			runOnlyForDeploymentPostprocessing = 0;
		};
		182EF0FB2C85EC1E003C7825 /* Frameworks */ = {
			isa = PBXFrameworksBuildPhase;
			buildActionMask = 2147483647;
			files = (
			);
			runOnlyForDeploymentPostprocessing = 0;
		};
/* End PBXFrameworksBuildPhase section */

/* Begin PBXGroup section */
		182EF0DB2C85EC1C003C7825 = {
			isa = PBXGroup;
			children = (
				182EF0E62C85EC1C003C7825 /* ComponentsApp */,
				182EF0F72C85EC1E003C7825 /* ComponentsAppTests */,
				182EF1012C85EC1E003C7825 /* ComponentsAppUITests */,
				182EF0E52C85EC1C003C7825 /* Products */,
			);
			sourceTree = "<group>";
		};
		182EF0E52C85EC1C003C7825 /* Products */ = {
			isa = PBXGroup;
			children = (
				182EF0E42C85EC1C003C7825 /* ComponentsApp.app */,
				182EF0F42C85EC1E003C7825 /* ComponentsAppTests.xctest */,
				182EF0FE2C85EC1E003C7825 /* ComponentsAppUITests.xctest */,
			);
			name = Products;
			sourceTree = "<group>";
		};
		182EF0E62C85EC1C003C7825 /* ComponentsApp */ = {
			isa = PBXGroup;
			children = (
				182EF0E72C85EC1C003C7825 /* ComponentsAppApp.swift */,
				182EF0E92C85EC1C003C7825 /* ContentView.swift */,
				182EF0EB2C85EC1E003C7825 /* Assets.xcassets */,
				182EF0ED2C85EC1E003C7825 /* Preview Content */,
			);
			path = ComponentsApp;
			sourceTree = "<group>";
		};
		182EF0ED2C85EC1E003C7825 /* Preview Content */ = {
			isa = PBXGroup;
			children = (
				182EF0EE2C85EC1E003C7825 /* Preview Assets.xcassets */,
			);
			path = "Preview Content";
			sourceTree = "<group>";
		};
		182EF0F72C85EC1E003C7825 /* ComponentsAppTests */ = {
			isa = PBXGroup;
			children = (
				182EF0F82C85EC1E003C7825 /* ComponentsAppTests.swift */,
			);
			path = ComponentsAppTests;
			sourceTree = "<group>";
		};
		182EF1012C85EC1E003C7825 /* ComponentsAppUITests */ = {
			isa = PBXGroup;
			children = (
				182EF1022C85EC1E003C7825 /* ComponentsAppUITests.swift */,
				182EF1042C85EC1E003C7825 /* ComponentsAppUITestsLaunchTests.swift */,
			);
			path = ComponentsAppUITests;
			sourceTree = "<group>";
		};
/* End PBXGroup section */

/* Begin PBXNativeTarget section */
		182EF0E32C85EC1C003C7825 /* ComponentsApp */ = {
			isa = PBXNativeTarget;
			buildConfigurationList = 182EF1082C85EC1E003C7825 /* Build configuration list for PBXNativeTarget "ComponentsApp" */;
			buildPhases = (
				182EF0E02C85EC1C003C7825 /* Sources */,
				182EF0E12C85EC1C003C7825 /* Frameworks */,
				182EF0E22C85EC1C003C7825 /* Resources */,
			);
			buildRules = (
			);
			dependencies = (
			);
			name = ComponentsApp;
			productName = ComponentsApp;
			productReference = 182EF0E42C85EC1C003C7825 /* ComponentsApp.app */;
			productType = "com.apple.product-type.application";
		};
		182EF0F32C85EC1E003C7825 /* ComponentsAppTests */ = {
			isa = PBXNativeTarget;
			buildConfigurationList = 182EF10B2C85EC1E003C7825 /* Build configuration list for PBXNativeTarget "ComponentsAppTests" */;
			buildPhases = (
				182EF0F02C85EC1E003C7825 /* Sources */,
				182EF0F12C85EC1E003C7825 /* Frameworks */,
				182EF0F22C85EC1E003C7825 /* Resources */,
			);
			buildRules = (
			);
			dependencies = (
				182EF0F62C85EC1E003C7825 /* PBXTargetDependency */,
			);
			name = ComponentsAppTests;
			productName = ComponentsAppTests;
			productReference = 182EF0F42C85EC1E003C7825 /* ComponentsAppTests.xctest */;
			productType = "com.apple.product-type.bundle.unit-test";
		};
		182EF0FD2C85EC1E003C7825 /* ComponentsAppUITests */ = {
			isa = PBXNativeTarget;
			buildConfigurationList = 182EF10E2C85EC1E003C7825 /* Build configuration list for PBXNativeTarget "ComponentsAppUITests" */;
			buildPhases = (
				182EF0FA2C85EC1E003C7825 /* Sources */,
				182EF0FB2C85EC1E003C7825 /* Frameworks */,
				182EF0FC2C85EC1E003C7825 /* Resources */,
			);
			buildRules = (
			);
			dependencies = (
				182EF1002C85EC1E003C7825 /* PBXTargetDependency */,
			);
			name = ComponentsAppUITests;
			productName = ComponentsAppUITests;
			productReference = 182EF0FE2C85EC1E003C7825 /* ComponentsAppUITests.xctest */;
			productType = "com.apple.product-type.bundle.ui-testing";
		};
/* End PBXNativeTarget section */

/* Begin PBXProject section */
		182EF0DC2C85EC1C003C7825 /* Project object */ = {
			isa = PBXProject;
			attributes = {
				BuildIndependentTargetsInParallel = 1;
				LastSwiftUpdateCheck = 1540;
				LastUpgradeCheck = 1540;
				TargetAttributes = {
					182EF0E32C85EC1C003C7825 = {
						CreatedOnToolsVersion = 15.4;
					};
					182EF0F32C85EC1E003C7825 = {
						CreatedOnToolsVersion = 15.4;
						TestTargetID = 182EF0E32C85EC1C003C7825;
					};
					182EF0FD2C85EC1E003C7825 = {
						CreatedOnToolsVersion = 15.4;
						TestTargetID = 182EF0E32C85EC1C003C7825;
					};
				};
			};
			buildConfigurationList = 182EF0DF2C85EC1C003C7825 /* Build configuration list for PBXProject "ComponentsApp" */;
			compatibilityVersion = "Xcode 14.0";
			developmentRegion = en;
			hasScannedForEncodings = 0;
			knownRegions = (
				en,
				Base,
			);
			mainGroup = 182EF0DB2C85EC1C003C7825;
			productRefGroup = 182EF0E52C85EC1C003C7825 /* Products */;
			projectDirPath = "";
			projectRoot = "";
			targets = (
				182EF0E32C85EC1C003C7825 /* ComponentsApp */,
				182EF0F32C85EC1E003C7825 /* ComponentsAppTests */,
				182EF0FD2C85EC1E003C7825 /* ComponentsAppUITests */,
			);
		};
/* End PBXProject section */

/* Begin PBXResourcesBuildPhase section */
		182EF0E22C85EC1C003C7825 /* Resources */ = {
			isa = PBXResourcesBuildPhase;
			buildActionMask = 2147483647;
			files = (
				182EF0EF2C85EC1E003C7825 /* Preview Assets.xcassets in Resources */,
				182EF0EC2C85EC1E003C7825 /* Assets.xcassets in Resources */,
			);
			runOnlyForDeploymentPostprocessing = 0;
		};
		182EF0F22C85EC1E003C7825 /* Resources */ = {
			isa = PBXResourcesBuildPhase;
			buildActionMask = 2147483647;
			files = (
			);
			runOnlyForDeploymentPostprocessing = 0;
		};
		182EF0FC2C85EC1E003C7825 /* Resources */ = {
			isa = PBXResourcesBuildPhase;
			buildActionMask = 2147483647;
			files = (
			);
			runOnlyForDeploymentPostprocessing = 0;
		};
/* End PBXResourcesBuildPhase section */

/* Begin PBXSourcesBuildPhase section */
		182EF0E02C85EC1C003C7825 /* Sources */ = {
			isa = PBXSourcesBuildPhase;
			buildActionMask = 2147483647;
			files = (
				182EF0EA2C85EC1C003C7825 /* ContentView.swift in Sources */,
				182EF0E82C85EC1C003C7825 /* ComponentsAppApp.swift in Sources */,
			);
			runOnlyForDeploymentPostprocessing = 0;
		};
		182EF0F02C85EC1E003C7825 /* Sources */ = {
			isa = PBXSourcesBuildPhase;
			buildActionMask = 2147483647;
			files = (
				182EF0F92C85EC1E003C7825 /* ComponentsAppTests.swift in Sources */,
			);
			runOnlyForDeploymentPostprocessing = 0;
		};
		182EF0FA2C85EC1E003C7825 /* Sources */ = {
			isa = PBXSourcesBuildPhase;
			buildActionMask = 2147483647;
			files = (
				182EF1052C85EC1E003C7825 /* ComponentsAppUITestsLaunchTests.swift in Sources */,
				182EF1032C85EC1E003C7825 /* ComponentsAppUITests.swift in Sources */,
			);
			runOnlyForDeploymentPostprocessing = 0;
		};
/* End PBXSourcesBuildPhase section */

/* Begin PBXTargetDependency section */
		182EF0F62C85EC1E003C7825 /* PBXTargetDependency */ = {
			isa = PBXTargetDependency;
			target = 182EF0E32C85EC1C003C7825 /* ComponentsApp */;
			targetProxy = 182EF0F52C85EC1E003C7825 /* PBXContainerItemProxy */;
		};
		182EF1002C85EC1E003C7825 /* PBXTargetDependency */ = {
			isa = PBXTargetDependency;
			target = 182EF0E32C85EC1C003C7825 /* ComponentsApp */;
			targetProxy = 182EF0FF2C85EC1E003C7825 /* PBXContainerItemProxy */;
		};
/* End PBXTargetDependency section */

/* Begin XCBuildConfiguration section */
		182EF1062C85EC1E003C7825 /* Debug */ = {
			isa = XCBuildConfiguration;
			buildSettings = {
				ALWAYS_SEARCH_USER_PATHS = NO;
				ASSETCATALOG_COMPILER_GENERATE_SWIFT_ASSET_SYMBOL_EXTENSIONS = YES;
				CLANG_ANALYZER_NONNULL = YES;
				CLANG_ANALYZER_NUMBER_OBJECT_CONVERSION = YES_AGGRESSIVE;
				CLANG_CXX_LANGUAGE_STANDARD = "gnu++20";
				CLANG_ENABLE_MODULES = YES;
				CLANG_ENABLE_OBJC_ARC = YES;
				CLANG_ENABLE_OBJC_WEAK = YES;
				CLANG_WARN_BLOCK_CAPTURE_AUTORELEASING = YES;
				CLANG_WARN_BOOL_CONVERSION = YES;
				CLANG_WARN_COMMA = YES;
				CLANG_WARN_CONSTANT_CONVERSION = YES;
				CLANG_WARN_DEPRECATED_OBJC_IMPLEMENTATIONS = YES;
				CLANG_WARN_DIRECT_OBJC_ISA_USAGE = YES_ERROR;
				CLANG_WARN_DOCUMENTATION_COMMENTS = YES;
				CLANG_WARN_EMPTY_BODY = YES;
				CLANG_WARN_ENUM_CONVERSION = YES;
				CLANG_WARN_INFINITE_RECURSION = YES;
				CLANG_WARN_INT_CONVERSION = YES;
				CLANG_WARN_NON_LITERAL_NULL_CONVERSION = YES;
				CLANG_WARN_OBJC_IMPLICIT_RETAIN_SELF = YES;
				CLANG_WARN_OBJC_LITERAL_CONVERSION = YES;
				CLANG_WARN_OBJC_ROOT_CLASS = YES_ERROR;
				CLANG_WARN_QUOTED_INCLUDE_IN_FRAMEWORK_HEADER = YES;
				CLANG_WARN_RANGE_LOOP_ANALYSIS = YES;
				CLANG_WARN_STRICT_PROTOTYPES = YES;
				CLANG_WARN_SUSPICIOUS_MOVE = YES;
				CLANG_WARN_UNGUARDED_AVAILABILITY = YES_AGGRESSIVE;
				CLANG_WARN_UNREACHABLE_CODE = YES;
				CLANG_WARN__DUPLICATE_METHOD_MATCH = YES;
				COPY_PHASE_STRIP = NO;
				DEBUG_INFORMATION_FORMAT = dwarf;
				ENABLE_STRICT_OBJC_MSGSEND = YES;
				ENABLE_TESTABILITY = YES;
				ENABLE_USER_SCRIPT_SANDBOXING = YES;
				GCC_C_LANGUAGE_STANDARD = gnu17;
				GCC_DYNAMIC_NO_PIC = NO;
				GCC_NO_COMMON_BLOCKS = YES;
				GCC_OPTIMIZATION_LEVEL = 0;
				GCC_PREPROCESSOR_DEFINITIONS = (
					"DEBUG=1",
					"$(inherited)",
				);
				GCC_WARN_64_TO_32_BIT_CONVERSION = YES;
				GCC_WARN_ABOUT_RETURN_TYPE = YES_ERROR;
				GCC_WARN_UNDECLARED_SELECTOR = YES;
				GCC_WARN_UNINITIALIZED_AUTOS = YES_AGGRESSIVE;
				GCC_WARN_UNUSED_FUNCTION = YES;
				GCC_WARN_UNUSED_VARIABLE = YES;
				IPHONEOS_DEPLOYMENT_TARGET = 17.5;
				LOCALIZATION_PREFERS_STRING_CATALOGS = YES;
				MTL_ENABLE_DEBUG_INFO = INCLUDE_SOURCE;
				MTL_FAST_MATH = YES;
				ONLY_ACTIVE_ARCH = YES;
				SDKROOT = iphoneos;
				SWIFT_ACTIVE_COMPILATION_CONDITIONS = "DEBUG $(inherited)";
				SWIFT_OPTIMIZATION_LEVEL = "-Onone";
			};
			name = Debug;
		};
		182EF1072C85EC1E003C7825 /* Release */ = {
			isa = XCBuildConfiguration;
			buildSettings = {
				ALWAYS_SEARCH_USER_PATHS = NO;
				ASSETCATALOG_COMPILER_GENERATE_SWIFT_ASSET_SYMBOL_EXTENSIONS = YES;
				CLANG_ANALYZER_NONNULL = YES;
				CLANG_ANALYZER_NUMBER_OBJECT_CONVERSION = YES_AGGRESSIVE;
				CLANG_CXX_LANGUAGE_STANDARD = "gnu++20";
				CLANG_ENABLE_MODULES = YES;
				CLANG_ENABLE_OBJC_ARC = YES;
				CLANG_ENABLE_OBJC_WEAK = YES;
				CLANG_WARN_BLOCK_CAPTURE_AUTORELEASING = YES;
				CLANG_WARN_BOOL_CONVERSION = YES;
				CLANG_WARN_COMMA = YES;
				CLANG_WARN_CONSTANT_CONVERSION = YES;
				CLANG_WARN_DEPRECATED_OBJC_IMPLEMENTATIONS = YES;
				CLANG_WARN_DIRECT_OBJC_ISA_USAGE = YES_ERROR;
				CLANG_WARN_DOCUMENTATION_COMMENTS = YES;
				CLANG_WARN_EMPTY_BODY = YES;
				CLANG_WARN_ENUM_CONVERSION = YES;
				CLANG_WARN_INFINITE_RECURSION = YES;
				CLANG_WARN_INT_CONVERSION = YES;
				CLANG_WARN_NON_LITERAL_NULL_CONVERSION = YES;
				CLANG_WARN_OBJC_IMPLICIT_RETAIN_SELF = YES;
				CLANG_WARN_OBJC_LITERAL_CONVERSION = YES;
				CLANG_WARN_OBJC_ROOT_CLASS = YES_ERROR;
				CLANG_WARN_QUOTED_INCLUDE_IN_FRAMEWORK_HEADER = YES;
				CLANG_WARN_RANGE_LOOP_ANALYSIS = YES;
				CLANG_WARN_STRICT_PROTOTYPES = YES;
				CLANG_WARN_SUSPICIOUS_MOVE = YES;
				CLANG_WARN_UNGUARDED_AVAILABILITY = YES_AGGRESSIVE;
				CLANG_WARN_UNREACHABLE_CODE = YES;
				CLANG_WARN__DUPLICATE_METHOD_MATCH = YES;
				COPY_PHASE_STRIP = NO;
				DEBUG_INFORMATION_FORMAT = "dwarf-with-dsym";
				ENABLE_NS_ASSERTIONS = NO;
				ENABLE_STRICT_OBJC_MSGSEND = YES;
				ENABLE_USER_SCRIPT_SANDBOXING = YES;
				GCC_C_LANGUAGE_STANDARD = gnu17;
				GCC_NO_COMMON_BLOCKS = YES;
				GCC_WARN_64_TO_32_BIT_CONVERSION = YES;
				GCC_WARN_ABOUT_RETURN_TYPE = YES_ERROR;
				GCC_WARN_UNDECLARED_SELECTOR = YES;
				GCC_WARN_UNINITIALIZED_AUTOS = YES_AGGRESSIVE;
				GCC_WARN_UNUSED_FUNCTION = YES;
				GCC_WARN_UNUSED_VARIABLE = YES;
				IPHONEOS_DEPLOYMENT_TARGET = 17.5;
				LOCALIZATION_PREFERS_STRING_CATALOGS = YES;
				MTL_ENABLE_DEBUG_INFO = NO;
				MTL_FAST_MATH = YES;
				SDKROOT = iphoneos;
				SWIFT_COMPILATION_MODE = wholemodule;
				VALIDATE_PRODUCT = YES;
			};
			name = Release;
		};
		182EF1092C85EC1E003C7825 /* Debug */ = {
			isa = XCBuildConfiguration;
			buildSettings = {
				ASSETCATALOG_COMPILER_APPICON_NAME = AppIcon;
				ASSETCATALOG_COMPILER_GLOBAL_ACCENT_COLOR_NAME = AccentColor;
				CODE_SIGN_STYLE = Automatic;
				CURRENT_PROJECT_VERSION = 1;
				DEVELOPMENT_ASSET_PATHS = "\"ComponentsApp/Preview Content\"";
				ENABLE_PREVIEWS = YES;
				GENERATE_INFOPLIST_FILE = YES;
				INFOPLIST_KEY_UIApplicationSceneManifest_Generation = YES;
				INFOPLIST_KEY_UIApplicationSupportsIndirectInputEvents = YES;
				INFOPLIST_KEY_UILaunchScreen_Generation = YES;
				INFOPLIST_KEY_UISupportedInterfaceOrientations_iPad = "UIInterfaceOrientationPortrait UIInterfaceOrientationPortraitUpsideDown UIInterfaceOrientationLandscapeLeft UIInterfaceOrientationLandscapeRight";
				INFOPLIST_KEY_UISupportedInterfaceOrientations_iPhone = "UIInterfaceOrientationPortrait UIInterfaceOrientationLandscapeLeft UIInterfaceOrientationLandscapeRight";
				LD_RUNPATH_SEARCH_PATHS = (
					"$(inherited)",
					"@executable_path/Frameworks",
				);
				MARKETING_VERSION = 1.0;
				PRODUCT_BUNDLE_IDENTIFIER = com.Hello.ComponentsApp;
				PRODUCT_NAME = "$(TARGET_NAME)";
				SWIFT_EMIT_LOC_STRINGS = YES;
				SWIFT_VERSION = 5.0;
				TARGETED_DEVICE_FAMILY = "1,2";
			};
			name = Debug;
		};
		182EF10A2C85EC1E003C7825 /* Release */ = {
			isa = XCBuildConfiguration;
			buildSettings = {
				ASSETCATALOG_COMPILER_APPICON_NAME = AppIcon;
				ASSETCATALOG_COMPILER_GLOBAL_ACCENT_COLOR_NAME = AccentColor;
				CODE_SIGN_STYLE = Automatic;
				CURRENT_PROJECT_VERSION = 1;
				DEVELOPMENT_ASSET_PATHS = "\"ComponentsApp/Preview Content\"";
				ENABLE_PREVIEWS = YES;
				GENERATE_INFOPLIST_FILE = YES;
				INFOPLIST_KEY_UIApplicationSceneManifest_Generation = YES;
				INFOPLIST_KEY_UIApplicationSupportsIndirectInputEvents = YES;
				INFOPLIST_KEY_UILaunchScreen_Generation = YES;
				INFOPLIST_KEY_UISupportedInterfaceOrientations_iPad = "UIInterfaceOrientationPortrait UIInterfaceOrientationPortraitUpsideDown UIInterfaceOrientationLandscapeLeft UIInterfaceOrientationLandscapeRight";
				INFOPLIST_KEY_UISupportedInterfaceOrientations_iPhone = "UIInterfaceOrientationPortrait UIInterfaceOrientationLandscapeLeft UIInterfaceOrientationLandscapeRight";
				LD_RUNPATH_SEARCH_PATHS = (
					"$(inherited)",
					"@executable_path/Frameworks",
				);
				MARKETING_VERSION = 1.0;
				PRODUCT_BUNDLE_IDENTIFIER = com.Hello.ComponentsApp;
				PRODUCT_NAME = "$(TARGET_NAME)";
				SWIFT_EMIT_LOC_STRINGS = YES;
				SWIFT_VERSION = 5.0;
				TARGETED_DEVICE_FAMILY = "1,2";
			};
			name = Release;
		};
		182EF10C2C85EC1E003C7825 /* Debug */ = {
			isa = XCBuildConfiguration;
			buildSettings = {
				ALWAYS_EMBED_SWIFT_STANDARD_LIBRARIES = YES;
				BUNDLE_LOADER = "$(TEST_HOST)";
				CODE_SIGN_STYLE = Automatic;
				CURRENT_PROJECT_VERSION = 1;
				GENERATE_INFOPLIST_FILE = YES;
				IPHONEOS_DEPLOYMENT_TARGET = 17.5;
				MARKETING_VERSION = 1.0;
				PRODUCT_BUNDLE_IDENTIFIER = com.Hello.ComponentsAppTests;
				PRODUCT_NAME = "$(TARGET_NAME)";
				SWIFT_EMIT_LOC_STRINGS = NO;
				SWIFT_VERSION = 5.0;
				TARGETED_DEVICE_FAMILY = "1,2";
				TEST_HOST = "$(BUILT_PRODUCTS_DIR)/ComponentsApp.app/$(BUNDLE_EXECUTABLE_FOLDER_PATH)/ComponentsApp";
			};
			name = Debug;
		};
		182EF10D2C85EC1E003C7825 /* Release */ = {
			isa = XCBuildConfiguration;
			buildSettings = {
				ALWAYS_EMBED_SWIFT_STANDARD_LIBRARIES = YES;
				BUNDLE_LOADER = "$(TEST_HOST)";
				CODE_SIGN_STYLE = Automatic;
				CURRENT_PROJECT_VERSION = 1;
				GENERATE_INFOPLIST_FILE = YES;
				IPHONEOS_DEPLOYMENT_TARGET = 17.5;
				MARKETING_VERSION = 1.0;
				PRODUCT_BUNDLE_IDENTIFIER = com.Hello.ComponentsAppTests;
				PRODUCT_NAME = "$(TARGET_NAME)";
				SWIFT_EMIT_LOC_STRINGS = NO;
				SWIFT_VERSION = 5.0;
				TARGETED_DEVICE_FAMILY = "1,2";
				TEST_HOST = "$(BUILT_PRODUCTS_DIR)/ComponentsApp.app/$(BUNDLE_EXECUTABLE_FOLDER_PATH)/ComponentsApp";
			};
			name = Release;
		};
		182EF10F2C85EC1E003C7825 /* Debug */ = {
			isa = XCBuildConfiguration;
			buildSettings = {
				ALWAYS_EMBED_SWIFT_STANDARD_LIBRARIES = YES;
				CODE_SIGN_STYLE = Automatic;
				CURRENT_PROJECT_VERSION = 1;
				GENERATE_INFOPLIST_FILE = YES;
				MARKETING_VERSION = 1.0;
				PRODUCT_BUNDLE_IDENTIFIER = com.Hello.ComponentsAppUITests;
				PRODUCT_NAME = "$(TARGET_NAME)";
				SWIFT_EMIT_LOC_STRINGS = NO;
				SWIFT_VERSION = 5.0;
				TARGETED_DEVICE_FAMILY = "1,2";
				TEST_TARGET_NAME = ComponentsApp;
			};
			name = Debug;
		};
		182EF1102C85EC1E003C7825 /* Release */ = {
			isa = XCBuildConfiguration;
			buildSettings = {
				ALWAYS_EMBED_SWIFT_STANDARD_LIBRARIES = YES;
				CODE_SIGN_STYLE = Automatic;
				CURRENT_PROJECT_VERSION = 1;
				GENERATE_INFOPLIST_FILE = YES;
				MARKETING_VERSION = 1.0;
				PRODUCT_BUNDLE_IDENTIFIER = com.Hello.ComponentsAppUITests;
				PRODUCT_NAME = "$(TARGET_NAME)";
				SWIFT_EMIT_LOC_STRINGS = NO;
				SWIFT_VERSION = 5.0;
				TARGETED_DEVICE_FAMILY = "1,2";
				TEST_TARGET_NAME = ComponentsApp;
			};
			name = Release;
		};
/* End XCBuildConfiguration section */

/* Begin XCConfigurationList section */
		182EF0DF2C85EC1C003C7825 /* Build configuration list for PBXProject "ComponentsApp" */ = {
			isa = XCConfigurationList;
			buildConfigurations = (
				182EF1062C85EC1E003C7825 /* Debug */,
				182EF1072C85EC1E003C7825 /* Release */,
			);
			defaultConfigurationIsVisible = 0;
			defaultConfigurationName = Release;
		};
		182EF1082C85EC1E003C7825 /* Build configuration list for PBXNativeTarget "ComponentsApp" */ = {
			isa = XCConfigurationList;
			buildConfigurations = (
				182EF1092C85EC1E003C7825 /* Debug */,
				182EF10A2C85EC1E003C7825 /* Release */,
			);
			defaultConfigurationIsVisible = 0;
			defaultConfigurationName = Release;
		};
		182EF10B2C85EC1E003C7825 /* Build configuration list for PBXNativeTarget "ComponentsAppTests" */ = {
			isa = XCConfigurationList;
			buildConfigurations = (
				182EF10C2C85EC1E003C7825 /* Debug */,
				182EF10D2C85EC1E003C7825 /* Release */,
			);
			defaultConfigurationIsVisible = 0;
			defaultConfigurationName = Release;
		};
		182EF10E2C85EC1E003C7825 /* Build configuration list for PBXNativeTarget "ComponentsAppUITests" */ = {
			isa = XCConfigurationList;
			buildConfigurations = (
				182EF10F2C85EC1E003C7825 /* Debug */,
				182EF1102C85EC1E003C7825 /* Release */,
			);
			defaultConfigurationIsVisible = 0;
			defaultConfigurationName = Release;
		};
/* End XCConfigurationList section */
	};
	rootObject = 182EF0DC2C85EC1C003C7825 /* Project object */;
}
